{
  "requires": true,
  "lockfileVersion": 1,
  "dependencies": {
    "react-native-touch-id": {
      "version": "4.4.1",
      "resolved": "https://registry.npmjs.org/react-native-touch-id/-/react-native-touch-id-4.4.1.tgz",
      "integrity": "sha512-1jTl8fC+0fxvqegy/XXTyo6vMvPhjzkoDdaqoYZx0OH8AT250NuXnNPyKktvigIcys3+2acciqOeaCall7lrvg=="
    }
  }
}
